// !$*UTF8*$!
{
	archiveVersion = 1;
	classes = {
	};
	objectVersion = 77;
	objects = {

/* Begin PBXBuildFile section */
		52B6CBCA2DC1B3E200D23862 /* README.md in Resources */ = {isa = PBXBuildFile; fileRef = 52B6CBC92DC1B3D600D23862 /* README.md */; };
/* End PBXBuildFile section */

/* Begin PBXContainerItemProxy section */
		52B6CB992DC1B20900D23862 /* PBXContainerItemProxy */ = {
			isa = PBXContainerItemProxy;
			containerPortal = 52B6CB802DC1B20700D23862 /* Project object */;
			proxyType = 1;
			remoteGlobalIDString = 52B6CB872DC1B20700D23862;
			remoteInfo = "sip-n-swipe";
		};
		52B6CBA32DC1B20900D23862 /* PBXContainerItemProxy */ = {
			isa = PBXContainerItemProxy;
			containerPortal = 52B6CB802DC1B20700D23862 /* Project object */;
			proxyType = 1;
			remoteGlobalIDString = 52B6CB872DC1B20700D23862;
			remoteInfo = "sip-n-swipe";
		};
/* End PBXContainerItemProxy section */

/* Begin PBXFileReference section */
		52B6CB882DC1B20700D23862 /* sip-n-swipe.app */ = {isa = PBXFileReference; explicitFileType = wrapper.application; includeInIndex = 0; path = "sip-n-swipe.app"; sourceTree = BUILT_PRODUCTS_DIR; };
		52B6CB982DC1B20900D23862 /* sip-n-swipeTests.xctest */ = {isa = PBXFileReference; explicitFileType = wrapper.cfbundle; includeInIndex = 0; path = "sip-n-swipeTests.xctest"; sourceTree = BUILT_PRODUCTS_DIR; };
		52B6CBA22DC1B20900D23862 /* sip-n-swipeUITests.xctest */ = {isa = PBXFileReference; explicitFileType = wrapper.cfbundle; includeInIndex = 0; path = "sip-n-swipeUITests.xctest"; sourceTree = BUILT_PRODUCTS_DIR; };
		52B6CBC92DC1B3D600D23862 /* README.md */ = {isa = PBXFileReference; lastKnownFileType = net.daringfireball.markdown; path = README.md; sourceTree = "<group>"; };
/* End PBXFileReference section */

/* Begin PBXFileSystemSynchronizedRootGroup section */
		52B6CB8A2DC1B20700D23862 /* sip-n-swipe */ = {
			isa = PBXFileSystemSynchronizedRootGroup;
			path = "sip-n-swipe";
			sourceTree = "<group>";
		};
		52B6CB9B2DC1B20900D23862 /* sip-n-swipeTests */ = {
			isa = PBXFileSystemSynchronizedRootGroup;
			path = "sip-n-swipeTests";
			sourceTree = "<group>";
		};
		52B6CBA52DC1B20900D23862 /* sip-n-swipeUITests */ = {
			isa = PBXFileSystemSynchronizedRootGroup;
			path = "sip-n-swipeUITests";
			sourceTree = "<group>";
		};
/* End PBXFileSystemSynchronizedRootGroup section */

/* Begin PBXFrameworksBuildPhase section */
		52B6CB852DC1B20700D23862 /* Frameworks */ = {
			isa = PBXFrameworksBuildPhase;
			buildActionMask = 2147483647;
			files = (
			);
			runOnlyForDeploymentPostprocessing = 0;
		};
		52B6CB952DC1B20900D23862 /* Frameworks */ = {
			isa = PBXFrameworksBuildPhase;
			buildActionMask = 2147483647;
			files = (
			);
			runOnlyForDeploymentPostprocessing = 0;
		};
		52B6CB9F2DC1B20900D23862 /* Frameworks */ = {
			isa = PBXFrameworksBuildPhase;
			buildActionMask = 2147483647;
			files = (
			);
			runOnlyForDeploymentPostprocessing = 0;
		};
/* End PBXFrameworksBuildPhase section */

/* Begin PBXGroup section */
		52B6CB7F2DC1B20700D23862 = {
			isa = PBXGroup;
			children = (
				52B6CB8A2DC1B20700D23862 /* sip-n-swipe */,
				52B6CB9B2DC1B20900D23862 /* sip-n-swipeTests */,
				52B6CBA52DC1B20900D23862 /* sip-n-swipeUITests */,
				52B6CB892DC1B20700D23862 /* Products */,
				52B6CBC92DC1B3D600D23862 /* README.md */,
			);
			sourceTree = "<group>";
		};
		52B6CB892DC1B20700D23862 /* Products */ = {
			isa = PBXGroup;
			children = (
				52B6CB882DC1B20700D23862 /* sip-n-swipe.app */,
				52B6CB982DC1B20900D23862 /* sip-n-swipeTests.xctest */,
				52B6CBA22DC1B20900D23862 /* sip-n-swipeUITests.xctest */,
			);
			name = Products;
			sourceTree = "<group>";
		};
/* End PBXGroup section */

/* Begin PBXNativeTarget section */
		52B6CB872DC1B20700D23862 /* sip-n-swipe */ = {
			isa = PBXNativeTarget;
			buildConfigurationList = 52B6CBAC2DC1B20900D23862 /* Build configuration list for PBXNativeTarget "sip-n-swipe" */;
			buildPhases = (
				52B6CB842DC1B20700D23862 /* Sources */,
				52B6CB852DC1B20700D23862 /* Frameworks */,
				52B6CB862DC1B20700D23862 /* Resources */,
			);
			buildRules = (
			);
			dependencies = (
			);
			fileSystemSynchronizedGroups = (
				52B6CB8A2DC1B20700D23862 /* sip-n-swipe */,
			);
			name = "sip-n-swipe";
			packageProductDependencies = (
			);
			productName = "sip-n-swipe";
			productReference = 52B6CB882DC1B20700D23862 /* sip-n-swipe.app */;
			productType = "com.apple.product-type.application";
		};
		52B6CB972DC1B20900D23862 /* sip-n-swipeTests */ = {
			isa = PBXNativeTarget;
			buildConfigurationList = 52B6CBAF2DC1B20900D23862 /* Build configuration list for PBXNativeTarget "sip-n-swipeTests" */;
			buildPhases = (
				52B6CB942DC1B20900D23862 /* Sources */,
				52B6CB952DC1B20900D23862 /* Frameworks */,
				52B6CB962DC1B20900D23862 /* Resources */,
			);
			buildRules = (
			);
			dependencies = (
				52B6CB9A2DC1B20900D23862 /* PBXTargetDependency */,
			);
			fileSystemSynchronizedGroups = (
				52B6CB9B2DC1B20900D23862 /* sip-n-swipeTests */,
			);
			name = "sip-n-swipeTests";
			packageProductDependencies = (
			);
			productName = "sip-n-swipeTests";
			productReference = 52B6CB982DC1B20900D23862 /* sip-n-swipeTests.xctest */;
			productType = "com.apple.product-type.bundle.unit-test";
		};
		52B6CBA12DC1B20900D23862 /* sip-n-swipeUITests */ = {
			isa = PBXNativeTarget;
			buildConfigurationList = 52B6CBB22DC1B20900D23862 /* Build configuration list for PBXNativeTarget "sip-n-swipeUITests" */;
			buildPhases = (
				52B6CB9E2DC1B20900D23862 /* Sources */,
				52B6CB9F2DC1B20900D23862 /* Frameworks */,
				52B6CBA02DC1B20900D23862 /* Resources */,
			);
			buildRules = (
			);
			dependencies = (
				52B6CBA42DC1B20900D23862 /* PBXTargetDependency */,
			);
			fileSystemSynchronizedGroups = (
				52B6CBA52DC1B20900D23862 /* sip-n-swipeUITests */,
			);
			name = "sip-n-swipeUITests";
			packageProductDependencies = (
			);
			productName = "sip-n-swipeUITests";
			productReference = 52B6CBA22DC1B20900D23862 /* sip-n-swipeUITests.xctest */;
			productType = "com.apple.product-type.bundle.ui-testing";
		};
/* End PBXNativeTarget section */

/* Begin PBXProject section */
		52B6CB802DC1B20700D23862 /* Project object */ = {
			isa = PBXProject;
			attributes = {
				BuildIndependentTargetsInParallel = 1;
				LastSwiftUpdateCheck = 1610;
				LastUpgradeCheck = 1610;
				TargetAttributes = {
					52B6CB872DC1B20700D23862 = {
						CreatedOnToolsVersion = 16.1;
					};
					52B6CB972DC1B20900D23862 = {
						CreatedOnToolsVersion = 16.1;
						TestTargetID = 52B6CB872DC1B20700D23862;
					};
					52B6CBA12DC1B20900D23862 = {
						CreatedOnToolsVersion = 16.1;
						TestTargetID = 52B6CB872DC1B20700D23862;
					};
				};
			};
			buildConfigurationList = 52B6CB832DC1B20700D23862 /* Build configuration list for PBXProject "sip-n-swipe" */;
			developmentRegion = en;
			hasScannedForEncodings = 0;
			knownRegions = (
				en,
				Base,
			);
			mainGroup = 52B6CB7F2DC1B20700D23862;
			minimizedProjectReferenceProxies = 1;
			preferredProjectObjectVersion = 77;
			productRefGroup = 52B6CB892DC1B20700D23862 /* Products */;
			projectDirPath = "";
			projectRoot = "";
			targets = (
				52B6CB872DC1B20700D23862 /* sip-n-swipe */,
				52B6CB972DC1B20900D23862 /* sip-n-swipeTests */,
				52B6CBA12DC1B20900D23862 /* sip-n-swipeUITests */,
			);
		};
/* End PBXProject section */

/* Begin PBXResourcesBuildPhase section */
		52B6CB862DC1B20700D23862 /* Resources */ = {
			isa = PBXResourcesBuildPhase;
			buildActionMask = 2147483647;
			files = (
				52B6CBCA2DC1B3E200D23862 /* README.md in Resources */,
			);
			runOnlyForDeploymentPostprocessing = 0;
		};
		52B6CB962DC1B20900D23862 /* Resources */ = {
			isa = PBXResourcesBuildPhase;
			buildActionMask = 2147483647;
			files = (
			);
			runOnlyForDeploymentPostprocessing = 0;
		};
		52B6CBA02DC1B20900D23862 /* Resources */ = {
			isa = PBXResourcesBuildPhase;
			buildActionMask = 2147483647;
			files = (
			);
			runOnlyForDeploymentPostprocessing = 0;
		};
/* End PBXResourcesBuildPhase section */

/* Begin PBXSourcesBuildPhase section */
		52B6CB842DC1B20700D23862 /* Sources */ = {
			isa = PBXSourcesBuildPhase;
			buildActionMask = 2147483647;
			files = (
			);
			runOnlyForDeploymentPostprocessing = 0;
		};
		52B6CB942DC1B20900D23862 /* Sources */ = {
			isa = PBXSourcesBuildPhase;
			buildActionMask = 2147483647;
			files = (
			);
			runOnlyForDeploymentPostprocessing = 0;
		};
		52B6CB9E2DC1B20900D23862 /* Sources */ = {
			isa = PBXSourcesBuildPhase;
			buildActionMask = 2147483647;
			files = (
			);
			runOnlyForDeploymentPostprocessing = 0;
		};
/* End PBXSourcesBuildPhase section */

/* Begin PBXTargetDependency section */
		52B6CB9A2DC1B20900D23862 /* PBXTargetDependency */ = {
			isa = PBXTargetDependency;
			target = 52B6CB872DC1B20700D23862 /* sip-n-swipe */;
			targetProxy = 52B6CB992DC1B20900D23862 /* PBXContainerItemProxy */;
		};
		52B6CBA42DC1B20900D23862 /* PBXTargetDependency */ = {
			isa = PBXTargetDependency;
			target = 52B6CB872DC1B20700D23862 /* sip-n-swipe */;
			targetProxy = 52B6CBA32DC1B20900D23862 /* PBXContainerItemProxy */;
		};
/* End PBXTargetDependency section */

/* Begin XCBuildConfiguration section */
		52B6CBAA2DC1B20900D23862 /* Debug */ = {
			isa = XCBuildConfiguration;
			buildSettings = {
				ALWAYS_SEARCH_USER_PATHS = NO;
				ASSETCATALOG_COMPILER_GENERATE_SWIFT_ASSET_SYMBOL_EXTENSIONS = YES;
				CLANG_ANALYZER_NONNULL = YES;
				CLANG_ANALYZER_NUMBER_OBJECT_CONVERSION = YES_AGGRESSIVE;
				CLANG_CXX_LANGUAGE_STANDARD = "gnu++20";
				CLANG_ENABLE_MODULES = YES;
				CLANG_ENABLE_OBJC_ARC = YES;
				CLANG_ENABLE_OBJC_WEAK = YES;
				CLANG_WARN_BLOCK_CAPTURE_AUTORELEASING = YES;
				CLANG_WARN_BOOL_CONVERSION = YES;
				CLANG_WARN_COMMA = YES;
				CLANG_WARN_CONSTANT_CONVERSION = YES;
				CLANG_WARN_DEPRECATED_OBJC_IMPLEMENTATIONS = YES;
				CLANG_WARN_DIRECT_OBJC_ISA_USAGE = YES_ERROR;
				CLANG_WARN_DOCUMENTATION_COMMENTS = YES;
				CLANG_WARN_EMPTY_BODY = YES;
				CLANG_WARN_ENUM_CONVERSION = YES;
				CLANG_WARN_INFINITE_RECURSION = YES;
				CLANG_WARN_INT_CONVERSION = YES;
				CLANG_WARN_NON_LITERAL_NULL_CONVERSION = YES;
				CLANG_WARN_OBJC_IMPLICIT_RETAIN_SELF = YES;
				CLANG_WARN_OBJC_LITERAL_CONVERSION = YES;
				CLANG_WARN_OBJC_ROOT_CLASS = YES_ERROR;
				CLANG_WARN_QUOTED_INCLUDE_IN_FRAMEWORK_HEADER = YES;
				CLANG_WARN_RANGE_LOOP_ANALYSIS = YES;
				CLANG_WARN_STRICT_PROTOTYPES = YES;
				CLANG_WARN_SUSPICIOUS_MOVE = YES;
				CLANG_WARN_UNGUARDED_AVAILABILITY = YES_AGGRESSIVE;
				CLANG_WARN_UNREACHABLE_CODE = YES;
				CLANG_WARN__DUPLICATE_METHOD_MATCH = YES;
				COPY_PHASE_STRIP = NO;
				DEBUG_INFORMATION_FORMAT = dwarf;
				ENABLE_STRICT_OBJC_MSGSEND = YES;
				ENABLE_TESTABILITY = YES;
				ENABLE_USER_SCRIPT_SANDBOXING = YES;
				GCC_C_LANGUAGE_STANDARD = gnu17;
				GCC_DYNAMIC_NO_PIC = NO;
				GCC_NO_COMMON_BLOCKS = YES;
				GCC_OPTIMIZATION_LEVEL = 0;
				GCC_PREPROCESSOR_DEFINITIONS = (
					"DEBUG=1",
					"$(inherited)",
				);
				GCC_WARN_64_TO_32_BIT_CONVERSION = YES;
				GCC_WARN_ABOUT_RETURN_TYPE = YES_ERROR;
				GCC_WARN_UNDECLARED_SELECTOR = YES;
				GCC_WARN_UNINITIALIZED_AUTOS = YES_AGGRESSIVE;
				GCC_WARN_UNUSED_FUNCTION = YES;
				GCC_WARN_UNUSED_VARIABLE = YES;
				IPHONEOS_DEPLOYMENT_TARGET = 18.1;
				LOCALIZATION_PREFERS_STRING_CATALOGS = YES;
				MTL_ENABLE_DEBUG_INFO = INCLUDE_SOURCE;
				MTL_FAST_MATH = YES;
				ONLY_ACTIVE_ARCH = YES;
				SDKROOT = iphoneos;
				SWIFT_ACTIVE_COMPILATION_CONDITIONS = "DEBUG $(inherited)";
				SWIFT_OPTIMIZATION_LEVEL = "-Onone";
			};
			name = Debug;
		};
		52B6CBAB2DC1B20900D23862 /* Release */ = {
			isa = XCBuildConfiguration;
			buildSettings = {
				ALWAYS_SEARCH_USER_PATHS = NO;
				ASSETCATALOG_COMPILER_GENERATE_SWIFT_ASSET_SYMBOL_EXTENSIONS = YES;
				CLANG_ANALYZER_NONNULL = YES;
				CLANG_ANALYZER_NUMBER_OBJECT_CONVERSION = YES_AGGRESSIVE;
				CLANG_CXX_LANGUAGE_STANDARD = "gnu++20";
				CLANG_ENABLE_MODULES = YES;
				CLANG_ENABLE_OBJC_ARC = YES;
				CLANG_ENABLE_OBJC_WEAK = YES;
				CLANG_WARN_BLOCK_CAPTURE_AUTORELEASING = YES;
				CLANG_WARN_BOOL_CONVERSION = YES;
				CLANG_WARN_COMMA = YES;
				CLANG_WARN_CONSTANT_CONVERSION = YES;
				CLANG_WARN_DEPRECATED_OBJC_IMPLEMENTATIONS = YES;
				CLANG_WARN_DIRECT_OBJC_ISA_USAGE = YES_ERROR;
				CLANG_WARN_DOCUMENTATION_COMMENTS = YES;
				CLANG_WARN_EMPTY_BODY = YES;
				CLANG_WARN_ENUM_CONVERSION = YES;
				CLANG_WARN_INFINITE_RECURSION = YES;
				CLANG_WARN_INT_CONVERSION = YES;
				CLANG_WARN_NON_LITERAL_NULL_CONVERSION = YES;
				CLANG_WARN_OBJC_IMPLICIT_RETAIN_SELF = YES;
				CLANG_WARN_OBJC_LITERAL_CONVERSION = YES;
				CLANG_WARN_OBJC_ROOT_CLASS = YES_ERROR;
				CLANG_WARN_QUOTED_INCLUDE_IN_FRAMEWORK_HEADER = YES;
				CLANG_WARN_RANGE_LOOP_ANALYSIS = YES;
				CLANG_WARN_STRICT_PROTOTYPES = YES;
				CLANG_WARN_SUSPICIOUS_MOVE = YES;
				CLANG_WARN_UNGUARDED_AVAILABILITY = YES_AGGRESSIVE;
				CLANG_WARN_UNREACHABLE_CODE = YES;
				CLANG_WARN__DUPLICATE_METHOD_MATCH = YES;
				COPY_PHASE_STRIP = NO;
				DEBUG_INFORMATION_FORMAT = "dwarf-with-dsym";
				ENABLE_NS_ASSERTIONS = NO;
				ENABLE_STRICT_OBJC_MSGSEND = YES;
				ENABLE_USER_SCRIPT_SANDBOXING = YES;
				GCC_C_LANGUAGE_STANDARD = gnu17;
				GCC_NO_COMMON_BLOCKS = YES;
				GCC_WARN_64_TO_32_BIT_CONVERSION = YES;
				GCC_WARN_ABOUT_RETURN_TYPE = YES_ERROR;
				GCC_WARN_UNDECLARED_SELECTOR = YES;
				GCC_WARN_UNINITIALIZED_AUTOS = YES_AGGRESSIVE;
				GCC_WARN_UNUSED_FUNCTION = YES;
				GCC_WARN_UNUSED_VARIABLE = YES;
				IPHONEOS_DEPLOYMENT_TARGET = 18.1;
				LOCALIZATION_PREFERS_STRING_CATALOGS = YES;
				MTL_ENABLE_DEBUG_INFO = NO;
				MTL_FAST_MATH = YES;
				SDKROOT = iphoneos;
				SWIFT_COMPILATION_MODE = wholemodule;
				VALIDATE_PRODUCT = YES;
			};
			name = Release;
		};
		52B6CBAD2DC1B20900D23862 /* Debug */ = {
			isa = XCBuildConfiguration;
			buildSettings = {
				ASSETCATALOG_COMPILER_APPICON_NAME = AppIcon;
				ASSETCATALOG_COMPILER_GLOBAL_ACCENT_COLOR_NAME = AccentColor;
				CODE_SIGN_STYLE = Automatic;
				CURRENT_PROJECT_VERSION = 1;
				DEVELOPMENT_ASSET_PATHS = "\"sip-n-swipe/Preview Content\"";
				DEVELOPMENT_TEAM = HXJ9W3T95V;
				ENABLE_PREVIEWS = YES;
				GENERATE_INFOPLIST_FILE = YES;
				INFOPLIST_KEY_UIApplicationSceneManifest_Generation = YES;
				INFOPLIST_KEY_UIApplicationSupportsIndirectInputEvents = YES;
				INFOPLIST_KEY_UILaunchScreen_Generation = YES;
				INFOPLIST_KEY_UISupportedInterfaceOrientations_iPad = "UIInterfaceOrientationPortrait UIInterfaceOrientationPortraitUpsideDown UIInterfaceOrientationLandscapeLeft UIInterfaceOrientationLandscapeRight";
				INFOPLIST_KEY_UISupportedInterfaceOrientations_iPhone = "UIInterfaceOrientationPortrait UIInterfaceOrientationLandscapeLeft UIInterfaceOrientationLandscapeRight";
				LD_RUNPATH_SEARCH_PATHS = (
					"$(inherited)",
					"@executable_path/Frameworks",
				);
				MARKETING_VERSION = 1.0;
				PRODUCT_BUNDLE_IDENTIFIER = "ajmastra.sip-n-swipe";
				PRODUCT_NAME = "$(TARGET_NAME)";
				SWIFT_EMIT_LOC_STRINGS = YES;
				SWIFT_VERSION = 5.0;
				TARGETED_DEVICE_FAMILY = "1,2";
			};
			name = Debug;
		};
		52B6CBAE2DC1B20900D23862 /* Release */ = {
			isa = XCBuildConfiguration;
			buildSettings = {
				ASSETCATALOG_COMPILER_APPICON_NAME = AppIcon;
				ASSETCATALOG_COMPILER_GLOBAL_ACCENT_COLOR_NAME = AccentColor;
				CODE_SIGN_STYLE = Automatic;
				CURRENT_PROJECT_VERSION = 1;
				DEVELOPMENT_ASSET_PATHS = "\"sip-n-swipe/Preview Content\"";
				DEVELOPMENT_TEAM = HXJ9W3T95V;
				ENABLE_PREVIEWS = YES;
				GENERATE_INFOPLIST_FILE = YES;
				INFOPLIST_KEY_UIApplicationSceneManifest_Generation = YES;
				INFOPLIST_KEY_UIApplicationSupportsIndirectInputEvents = YES;
				INFOPLIST_KEY_UILaunchScreen_Generation = YES;
				INFOPLIST_KEY_UISupportedInterfaceOrientations_iPad = "UIInterfaceOrientationPortrait UIInterfaceOrientationPortraitUpsideDown UIInterfaceOrientationLandscapeLeft UIInterfaceOrientationLandscapeRight";
				INFOPLIST_KEY_UISupportedInterfaceOrientations_iPhone = "UIInterfaceOrientationPortrait UIInterfaceOrientationLandscapeLeft UIInterfaceOrientationLandscapeRight";
				LD_RUNPATH_SEARCH_PATHS = (
					"$(inherited)",
					"@executable_path/Frameworks",
				);
				MARKETING_VERSION = 1.0;
				PRODUCT_BUNDLE_IDENTIFIER = "ajmastra.sip-n-swipe";
				PRODUCT_NAME = "$(TARGET_NAME)";
				SWIFT_EMIT_LOC_STRINGS = YES;
				SWIFT_VERSION = 5.0;
				TARGETED_DEVICE_FAMILY = "1,2";
			};
			name = Release;
		};
		52B6CBB02DC1B20900D23862 /* Debug */ = {
			isa = XCBuildConfiguration;
			buildSettings = {
				BUNDLE_LOADER = "$(TEST_HOST)";
				CODE_SIGN_STYLE = Automatic;
				CURRENT_PROJECT_VERSION = 1;
				DEVELOPMENT_TEAM = HXJ9W3T95V;
				GENERATE_INFOPLIST_FILE = YES;
				IPHONEOS_DEPLOYMENT_TARGET = 18.1;
				MARKETING_VERSION = 1.0;
				PRODUCT_BUNDLE_IDENTIFIER = "ajmastra.sip-n-swipeTests";
				PRODUCT_NAME = "$(TARGET_NAME)";
				SWIFT_EMIT_LOC_STRINGS = NO;
				SWIFT_VERSION = 5.0;
				TARGETED_DEVICE_FAMILY = "1,2";
				TEST_HOST = "$(BUILT_PRODUCTS_DIR)/sip-n-swipe.app/$(BUNDLE_EXECUTABLE_FOLDER_PATH)/sip-n-swipe";
			};
			name = Debug;
		};
		52B6CBB12DC1B20900D23862 /* Release */ = {
			isa = XCBuildConfiguration;
			buildSettings = {
				BUNDLE_LOADER = "$(TEST_HOST)";
				CODE_SIGN_STYLE = Automatic;
				CURRENT_PROJECT_VERSION = 1;
				DEVELOPMENT_TEAM = HXJ9W3T95V;
				GENERATE_INFOPLIST_FILE = YES;
				IPHONEOS_DEPLOYMENT_TARGET = 18.1;
				MARKETING_VERSION = 1.0;
				PRODUCT_BUNDLE_IDENTIFIER = "ajmastra.sip-n-swipeTests";
				PRODUCT_NAME = "$(TARGET_NAME)";
				SWIFT_EMIT_LOC_STRINGS = NO;
				SWIFT_VERSION = 5.0;
				TARGETED_DEVICE_FAMILY = "1,2";
				TEST_HOST = "$(BUILT_PRODUCTS_DIR)/sip-n-swipe.app/$(BUNDLE_EXECUTABLE_FOLDER_PATH)/sip-n-swipe";
			};
			name = Release;
		};
		52B6CBB32DC1B20900D23862 /* Debug */ = {
			isa = XCBuildConfiguration;
			buildSettings = {
				CODE_SIGN_STYLE = Automatic;
				CURRENT_PROJECT_VERSION = 1;
				DEVELOPMENT_TEAM = HXJ9W3T95V;
				GENERATE_INFOPLIST_FILE = YES;
				MARKETING_VERSION = 1.0;
				PRODUCT_BUNDLE_IDENTIFIER = "ajmastra.sip-n-swipeUITests";
				PRODUCT_NAME = "$(TARGET_NAME)";
				SWIFT_EMIT_LOC_STRINGS = NO;
				SWIFT_VERSION = 5.0;
				TARGETED_DEVICE_FAMILY = "1,2";
				TEST_TARGET_NAME = "sip-n-swipe";
			};
			name = Debug;
		};
		52B6CBB42DC1B20900D23862 /* Release */ = {
			isa = XCBuildConfiguration;
			buildSettings = {
				CODE_SIGN_STYLE = Automatic;
				CURRENT_PROJECT_VERSION = 1;
				DEVELOPMENT_TEAM = HXJ9W3T95V;
				GENERATE_INFOPLIST_FILE = YES;
				MARKETING_VERSION = 1.0;
				PRODUCT_BUNDLE_IDENTIFIER = "ajmastra.sip-n-swipeUITests";
				PRODUCT_NAME = "$(TARGET_NAME)";
				SWIFT_EMIT_LOC_STRINGS = NO;
				SWIFT_VERSION = 5.0;
				TARGETED_DEVICE_FAMILY = "1,2";
				TEST_TARGET_NAME = "sip-n-swipe";
			};
			name = Release;
		};
/* End XCBuildConfiguration section */

/* Begin XCConfigurationList section */
		52B6CB832DC1B20700D23862 /* Build configuration list for PBXProject "sip-n-swipe" */ = {
			isa = XCConfigurationList;
			buildConfigurations = (
				52B6CBAA2DC1B20900D23862 /* Debug */,
				52B6CBAB2DC1B20900D23862 /* Release */,
			);
			defaultConfigurationIsVisible = 0;
			defaultConfigurationName = Release;
		};
		52B6CBAC2DC1B20900D23862 /* Build configuration list for PBXNativeTarget "sip-n-swipe" */ = {
			isa = XCConfigurationList;
			buildConfigurations = (
				52B6CBAD2DC1B20900D23862 /* Debug */,
				52B6CBAE2DC1B20900D23862 /* Release */,
			);
			defaultConfigurationIsVisible = 0;
			defaultConfigurationName = Release;
		};
		52B6CBAF2DC1B20900D23862 /* Build configuration list for PBXNativeTarget "sip-n-swipeTests" */ = {
			isa = XCConfigurationList;
			buildConfigurations = (
				52B6CBB02DC1B20900D23862 /* Debug */,
				52B6CBB12DC1B20900D23862 /* Release */,
			);
			defaultConfigurationIsVisible = 0;
			defaultConfigurationName = Release;
		};
		52B6CBB22DC1B20900D23862 /* Build configuration list for PBXNativeTarget "sip-n-swipeUITests" */ = {
			isa = XCConfigurationList;
			buildConfigurations = (
				52B6CBB32DC1B20900D23862 /* Debug */,
				52B6CBB42DC1B20900D23862 /* Release */,
			);
			defaultConfigurationIsVisible = 0;
			defaultConfigurationName = Release;
		};
/* End XCConfigurationList section */
	};
	rootObject = 52B6CB802DC1B20700D23862 /* Project object */;
}
